
Microsoft Visual Studio Solution File, Format Version 12.00
# Visual Studio Version 17
VisualStudioVersion = 17.4.33205.214
MinimumVisualStudioVersion = 10.0.40219.1
Project("{FAE04EC0-301F-11D3-BF4B-00C04F79EFBC}") = "FC Module", "FC Module\FC Module.csproj", "{B3DBCFF8-7CF9-4ED8-90FA-022AD6AF37C9}"
EndProject
Project("{FAE04EC0-301F-11D3-BF4B-00C04F79EFBC}") = "FCM-Dartspiel", "FCM-Dartspiel\FCM-Dartspiel.csproj", "{84FD4E35-E5AE-4594-99F4-22BFAC9F1F2F}"
EndProject
Project("{FAE04EC0-301F-11D3-BF4B-00C04F79EFBC}") = "FrameworkCore", "FrameworkCore\FrameworkCore.csproj", "{EE17760F-CA24-48E7-A380-32C5AA371C6B}"
EndProject
Project("{FAE04EC0-301F-11D3-BF4B-00C04F79EFBC}") = "FrameworkCoreModuleHubServer", "FrameworkCoreModuleHubServer\FrameworkCoreModuleHubServer.csproj", "{7996DF06-CA6A-4E66-913C-7DFC833560CF}"
EndProject
Global
	GlobalSection(SolutionConfigurationPlatforms) = preSolution
		Debug|Any CPU = Debug|Any CPU
		Release|Any CPU = Release|Any CPU
	EndGlobalSection
	GlobalSection(ProjectConfigurationPlatforms) = postSolution
		{B3DBCFF8-7CF9-4ED8-90FA-022AD6AF37C9}.Debug|Any CPU.ActiveCfg = Debug|Any CPU
		{B3DBCFF8-7CF9-4ED8-90FA-022AD6AF37C9}.Debug|Any CPU.Build.0 = Debug|Any CPU
		{B3DBCFF8-7CF9-4ED8-90FA-022AD6AF37C9}.Release|Any CPU.ActiveCfg = Release|Any CPU
		{B3DBCFF8-7CF9-4ED8-90FA-022AD6AF37C9}.Release|Any CPU.Build.0 = Release|Any CPU
		{84FD4E35-E5AE-4594-99F4-22BFAC9F1F2F}.Debug|Any CPU.ActiveCfg = Debug|Any CPU
		{84FD4E35-E5AE-4594-99F4-22BFAC9F1F2F}.Debug|Any CPU.Build.0 = Debug|Any CPU
		{84FD4E35-E5AE-4594-99F4-22BFAC9F1F2F}.Release|Any CPU.ActiveCfg = Release|Any CPU
		{84FD4E35-E5AE-4594-99F4-22BFAC9F1F2F}.Release|Any CPU.Build.0 = Release|Any CPU
		{EE17760F-CA24-48E7-A380-32C5AA371C6B}.Debug|Any CPU.ActiveCfg = Debug|Any CPU
		{EE17760F-CA24-48E7-A380-32C5AA371C6B}.Debug|Any CPU.Build.0 = Debug|Any CPU
		{EE17760F-CA24-48E7-A380-32C5AA371C6B}.Release|Any CPU.ActiveCfg = Release|Any CPU
		{EE17760F-CA24-48E7-A380-32C5AA371C6B}.Release|Any CPU.Build.0 = Release|Any CPU
		{7996DF06-CA6A-4E66-913C-7DFC833560CF}.Debug|Any CPU.ActiveCfg = Debug|Any CPU
		{7996DF06-CA6A-4E66-913C-7DFC833560CF}.Debug|Any CPU.Build.0 = Debug|Any CPU
		{7996DF06-CA6A-4E66-913C-7DFC833560CF}.Release|Any CPU.ActiveCfg = Release|Any CPU
		{7996DF06-CA6A-4E66-913C-7DFC833560CF}.Release|Any CPU.Build.0 = Release|Any CPU
	EndGlobalSection
	GlobalSection(SolutionProperties) = preSolution
		HideSolutionNode = FALSE
	EndGlobalSection
	GlobalSection(ExtensibilityGlobals) = postSolution
		SolutionGuid = {444DABB6-771C-4ABC-9748-318C8F23350C}
	EndGlobalSection
EndGlobal
